
Microsoft Visual Studio Solution File, Format Version 12.00
# Visual Studio Version 17
VisualStudioVersion = 17.4.33205.214
MinimumVisualStudioVersion = 10.0.40219.1
Project("{FAE04EC0-301F-11D3-BF4B-00C04F79EFBC}") = "XctLogin", "XctLogin\XctLogin.csproj", "{B499A199-8262-4FB1-AF35-F7A75A1390CA}"
EndProject
Global
	GlobalSection(SolutionConfigurationPlatforms) = preSolution
		Debug|Any CPU = Debug|Any CPU
		Release|Any CPU = Release|Any CPU
	EndGlobalSection
	GlobalSection(ProjectConfigurationPlatforms) = postSolution
		{B499A199-8262-4FB1-AF35-F7A75A1390CA}.Debug|Any CPU.ActiveCfg = Debug|Any CPU
		{B499A199-8262-4FB1-AF35-F7A75A1390CA}.Debug|Any CPU.Build.0 = Debug|Any CPU
		{B499A199-8262-4FB1-AF35-F7A75A1390CA}.Release|Any CPU.ActiveCfg = Release|Any CPU
		{B499A199-8262-4FB1-AF35-F7A75A1390CA}.Release|Any CPU.Build.0 = Release|Any CPU
	EndGlobalSection
	GlobalSection(SolutionProperties) = preSolution
		HideSolutionNode = FALSE
	EndGlobalSection
	GlobalSection(ExtensibilityGlobals) = postSolution
		SolutionGuid = {B4A2B090-C4BF-48EA-9695-9BC4C6E52EDB}
	EndGlobalSection
EndGlobal
